
Microsoft Visual Studio Solution File, Format Version 12.00
# Visual Studio Version 18
VisualStudioVersion = 18.3.11512.155
MinimumVisualStudioVersion = 10.0.40219.1
Project("{FAE04EC0-301F-11D3-BF4B-00C04F79EFBC}") = "Snet.Iot.Daq", "Snet.Iot.Daq\Snet.Iot.Daq.csproj", "{608F154A-BED3-F7D7-515B-E88BE67523CD}"
EndProject
Project("{FAE04EC0-301F-11D3-BF4B-00C04F79EFBC}") = "Snet.Iot.Daq.AddressTest", "Snet.Iot.Daq.AddressTest\Snet.Iot.Daq.AddressTest.csproj", "{295DC98C-E8FE-400E-959D-C9048771E74F}"
EndProject
Global
	GlobalSection(SolutionConfigurationPlatforms) = preSolution
		Debug|Any CPU = Debug|Any CPU
		Release|Any CPU = Release|Any CPU
	EndGlobalSection
	GlobalSection(ProjectConfigurationPlatforms) = postSolution
		{608F154A-BED3-F7D7-515B-E88BE67523CD}.Debug|Any CPU.ActiveCfg = Debug|Any CPU
		{608F154A-BED3-F7D7-515B-E88BE67523CD}.Debug|Any CPU.Build.0 = Debug|Any CPU
		{608F154A-BED3-F7D7-515B-E88BE67523CD}.Release|Any CPU.ActiveCfg = Release|Any CPU
		{608F154A-BED3-F7D7-515B-E88BE67523CD}.Release|Any CPU.Build.0 = Release|Any CPU
		{295DC98C-E8FE-400E-959D-C9048771E74F}.Debug|Any CPU.ActiveCfg = Debug|Any CPU
		{295DC98C-E8FE-400E-959D-C9048771E74F}.Debug|Any CPU.Build.0 = Debug|Any CPU
		{295DC98C-E8FE-400E-959D-C9048771E74F}.Release|Any CPU.ActiveCfg = Release|Any CPU
		{295DC98C-E8FE-400E-959D-C9048771E74F}.Release|Any CPU.Build.0 = Release|Any CPU
	EndGlobalSection
	GlobalSection(SolutionProperties) = preSolution
		HideSolutionNode = FALSE
	EndGlobalSection
	GlobalSection(ExtensibilityGlobals) = postSolution
		SolutionGuid = {BDF0D381-C17D-4004-892A-571F614EC594}
	EndGlobalSection
EndGlobal
